
Microsoft Visual Studio Solution File, Format Version 12.00
# Visual Studio Version 16
VisualStudioVersion = 16.0.31424.327
MinimumVisualStudioVersion = 10.0.40219.1
Project("{FAE04EC0-301F-11D3-BF4B-00C04F79EFBC}") = "OmronSerialCommWithCSharp", "OmronSerialCommWithCSharp\OmronSerialCommWithCSharp.csproj", "{D70214D9-F850-4975-B883-125F3F07D582}"
EndProject
Global
	GlobalSection(SolutionConfigurationPlatforms) = preSolution
		Debug|Any CPU = Debug|Any CPU
		Release|Any CPU = Release|Any CPU
	EndGlobalSection
	GlobalSection(ProjectConfigurationPlatforms) = postSolution
		{D70214D9-F850-4975-B883-125F3F07D582}.Debug|Any CPU.ActiveCfg = Debug|Any CPU
		{D70214D9-F850-4975-B883-125F3F07D582}.Debug|Any CPU.Build.0 = Debug|Any CPU
		{D70214D9-F850-4975-B883-125F3F07D582}.Release|Any CPU.ActiveCfg = Release|Any CPU
		{D70214D9-F850-4975-B883-125F3F07D582}.Release|Any CPU.Build.0 = Release|Any CPU
	EndGlobalSection
	GlobalSection(SolutionProperties) = preSolution
		HideSolutionNode = FALSE
	EndGlobalSection
	GlobalSection(ExtensibilityGlobals) = postSolution
		SolutionGuid = {988A1E19-F8F1-4A5F-B68D-670655166B48}
	EndGlobalSection
EndGlobal
